PODS:
  - Alamofire (4.7.3)
  - EVReflection (5.7.0):
    - EVReflection/Core (= 5.7.0)
  - EVReflection/Core (5.7.0)
  - Localize-Swift (2.0.0)
  - SmartStyle (0.1.0):
    - Localize-Swift

DEPENDENCIES:
  - Alamofire (~> 4.7)
  - EVReflection
  - SmartStyle (from `SmartStyle/`)

SPEC REPOS:
  https://github.com/cocoapods/specs.git:
    - Alamofire
    - EVReflection
    - Localize-Swift

EXTERNAL SOURCES:
  SmartStyle:
    :path: SmartStyle/

SPEC CHECKSUMS:
  Alamofire: c7287b6e5d7da964a70935e5db17046b7fde6568
  EVReflection: c579d225cf0ec062d80f35f5af82acd770016a76
  Localize-Swift: c798ec9286494866f7068f85f7c71283ac5bdab4
  SmartStyle: 88d7a5a4e95dbc0d9aaff02d9cd90612e10126e7

PODFILE CHECKSUM: 8ca2dd1337a1631ac1b62cc44090cf3b601547cf

COCOAPODS: 1.5.2
